
Microsoft Visual Studio Solution File, Format Version 12.00
# Visual Studio Version 16
VisualStudioVersion = 16.0.29609.76
MinimumVisualStudioVersion = 10.0.40219.1
Project("{FAE04EC0-301F-11D3-BF4B-00C04F79EFBC}") = "Synthsharp", "Synthsharp\Synthsharp.csproj", "{4CF5030B-B731-4B94-A88D-ECFE32A9F047}"
EndProject
Global
	GlobalSection(SolutionConfigurationPlatforms) = preSolution
		Debug|Any CPU = Debug|Any CPU
		Release|Any CPU = Release|Any CPU
	EndGlobalSection
	GlobalSection(ProjectConfigurationPlatforms) = postSolution
		{4CF5030B-B731-4B94-A88D-ECFE32A9F047}.Debug|Any CPU.ActiveCfg = Debug|Any CPU
		{4CF5030B-B731-4B94-A88D-ECFE32A9F047}.Debug|Any CPU.Build.0 = Debug|Any CPU
		{4CF5030B-B731-4B94-A88D-ECFE32A9F047}.Release|Any CPU.ActiveCfg = Release|Any CPU
		{4CF5030B-B731-4B94-A88D-ECFE32A9F047}.Release|Any CPU.Build.0 = Release|Any CPU
	EndGlobalSection
	GlobalSection(SolutionProperties) = preSolution
		HideSolutionNode = FALSE
	EndGlobalSection
	GlobalSection(ExtensibilityGlobals) = postSolution
		SolutionGuid = {071A0444-7953-4845-9D34-65490ACB0939}
	EndGlobalSection
EndGlobal
